
Microsoft Visual Studio Solution File, Format Version 12.00
# Visual Studio Version 17
VisualStudioVersion = 17.8.34408.163
MinimumVisualStudioVersion = 10.0.40219.1
Project("{FAE04EC0-301F-11D3-BF4B-00C04F79EFBC}") = "HOTMVC4", "HOTMVC4\HOTMVC4.csproj", "{56E5D4F1-013F-4EDB-9EF4-650FCACE384D}"
EndProject
Global
	GlobalSection(SolutionConfigurationPlatforms) = preSolution
		Debug|Any CPU = Debug|Any CPU
		Release|Any CPU = Release|Any CPU
	EndGlobalSection
	GlobalSection(ProjectConfigurationPlatforms) = postSolution
		{56E5D4F1-013F-4EDB-9EF4-650FCACE384D}.Debug|Any CPU.ActiveCfg = Debug|Any CPU
		{56E5D4F1-013F-4EDB-9EF4-650FCACE384D}.Debug|Any CPU.Build.0 = Debug|Any CPU
		{56E5D4F1-013F-4EDB-9EF4-650FCACE384D}.Release|Any CPU.ActiveCfg = Release|Any CPU
		{56E5D4F1-013F-4EDB-9EF4-650FCACE384D}.Release|Any CPU.Build.0 = Release|Any CPU
	EndGlobalSection
	GlobalSection(SolutionProperties) = preSolution
		HideSolutionNode = FALSE
	EndGlobalSection
	GlobalSection(ExtensibilityGlobals) = postSolution
		SolutionGuid = {01029FCF-D5AC-4B75-85E7-A6EA4D82BC4A}
	EndGlobalSection
EndGlobal
